
Microsoft Visual Studio Solution File, Format Version 12.00
# Visual Studio Version 17
VisualStudioVersion = 17.4.33205.214
MinimumVisualStudioVersion = 10.0.40219.1
Project("{FAE04EC0-301F-11D3-BF4B-00C04F79EFBC}") = "WebApplication1", "WebApplication1\WebApplication1.csproj", "{429C46D8-2FBC-4FAC-BF2B-E645F2401011}"
EndProject
Project("{FAE04EC0-301F-11D3-BF4B-00C04F79EFBC}") = "WebApplication1.Tests", "WebApplication1.Tests\WebApplication1.Tests.csproj", "{7EB5E644-FC20-4AFF-9946-77FEF1EF2012}"
EndProject
Global
	GlobalSection(SolutionConfigurationPlatforms) = preSolution
		Debug|Any CPU = Debug|Any CPU
		Release|Any CPU = Release|Any CPU
	EndGlobalSection
	GlobalSection(ProjectConfigurationPlatforms) = postSolution
		{429C46D8-2FBC-4FAC-BF2B-E645F2401011}.Debug|Any CPU.ActiveCfg = Debug|Any CPU
		{429C46D8-2FBC-4FAC-BF2B-E645F2401011}.Debug|Any CPU.Build.0 = Debug|Any CPU
		{429C46D8-2FBC-4FAC-BF2B-E645F2401011}.Release|Any CPU.ActiveCfg = Release|Any CPU
		{429C46D8-2FBC-4FAC-BF2B-E645F2401011}.Release|Any CPU.Build.0 = Release|Any CPU
		{7EB5E644-FC20-4AFF-9946-77FEF1EF2012}.Debug|Any CPU.ActiveCfg = Debug|Any CPU
		{7EB5E644-FC20-4AFF-9946-77FEF1EF2012}.Debug|Any CPU.Build.0 = Debug|Any CPU
		{7EB5E644-FC20-4AFF-9946-77FEF1EF2012}.Release|Any CPU.ActiveCfg = Release|Any CPU
		{7EB5E644-FC20-4AFF-9946-77FEF1EF2012}.Release|Any CPU.Build.0 = Release|Any CPU
	EndGlobalSection
	GlobalSection(SolutionProperties) = preSolution
		HideSolutionNode = FALSE
	EndGlobalSection
	GlobalSection(ExtensibilityGlobals) = postSolution
		SolutionGuid = {C6717A59-34DD-4401-A2D9-19BAAF69A9FA}
	EndGlobalSection
EndGlobal
